
Microsoft Visual Studio Solution File, Format Version 12.00
# Visual Studio 15
VisualStudioVersion = 15.0.26730.12
MinimumVisualStudioVersion = 10.0.40219.1
Project("{FAE04EC0-301F-11D3-BF4B-00C04F79EFBC}") = "HttpChatServer", "HttpChatServer\HttpChatServer.csproj", "{58BA789C-EBE5-490C-AAB5-AD53DB2C2751}"
EndProject
Project("{FAE04EC0-301F-11D3-BF4B-00C04F79EFBC}") = "HttpChatClientD", "HttpChatClientD\HttpChatClientD.csproj", "{88F43902-4B16-49FB-B010-83CDF29CF51D}"
EndProject
Project("{FAE04EC0-301F-11D3-BF4B-00C04F79EFBC}") = "WebSocketChatServer", "WebSocketChatServer\WebSocketChatServer.csproj", "{33ACC7A7-6D5B-4E80-A0F9-E41AC52BC75B}"
EndProject
Project("{FAE04EC0-301F-11D3-BF4B-00C04F79EFBC}") = "WebSocketChatClientD", "WebSocketChatClientD\WebSocketChatClientD.csproj", "{88896713-9DBB-4539-AE78-4CD0611377BD}"
EndProject
Project("{E24C65DC-7377-472B-9ABA-BC803B73C61A}") = "WebSocketClientW", "WebSocketClientW\", "{4390D7EB-E3DD-4EF6-AAC7-C72DC0A76131}"
	ProjectSection(WebsiteProperties) = preProject
		TargetFrameworkMoniker = ".NETFramework,Version%3Dv4.6.1"
		Debug.AspNetCompiler.VirtualPath = "/localhost_61358"
		Debug.AspNetCompiler.PhysicalPath = "WebSocketClientW\"
		Debug.AspNetCompiler.TargetPath = "PrecompiledWeb\localhost_61358\"
		Debug.AspNetCompiler.Updateable = "true"
		Debug.AspNetCompiler.ForceOverwrite = "true"
		Debug.AspNetCompiler.FixedNames = "false"
		Debug.AspNetCompiler.Debug = "True"
		Release.AspNetCompiler.VirtualPath = "/localhost_61358"
		Release.AspNetCompiler.PhysicalPath = "WebSocketClientW\"
		Release.AspNetCompiler.TargetPath = "PrecompiledWeb\localhost_61358\"
		Release.AspNetCompiler.Updateable = "true"
		Release.AspNetCompiler.ForceOverwrite = "true"
		Release.AspNetCompiler.FixedNames = "false"
		Release.AspNetCompiler.Debug = "False"
		VWDPort = "61358"
		SlnRelativePath = "WebSocketClientW\"
		DefaultWebSiteLanguage = "Visual C#"
	EndProjectSection
EndProject
Project("{E24C65DC-7377-472B-9ABA-BC803B73C61A}") = "HttpChatClientW", "HttpChatClientW\", "{3EA5DBE3-79DD-4DB0-A772-30C6E9343C0D}"
	ProjectSection(WebsiteProperties) = preProject
		TargetFrameworkMoniker = ".NETFramework,Version%3Dv4.6.1"
		Debug.AspNetCompiler.VirtualPath = "/localhost_62297"
		Debug.AspNetCompiler.PhysicalPath = "HttpChatClientW\"
		Debug.AspNetCompiler.TargetPath = "PrecompiledWeb\localhost_62297\"
		Debug.AspNetCompiler.Updateable = "true"
		Debug.AspNetCompiler.ForceOverwrite = "true"
		Debug.AspNetCompiler.FixedNames = "false"
		Debug.AspNetCompiler.Debug = "True"
		Release.AspNetCompiler.VirtualPath = "/localhost_62297"
		Release.AspNetCompiler.PhysicalPath = "HttpChatClientW\"
		Release.AspNetCompiler.TargetPath = "PrecompiledWeb\localhost_62297\"
		Release.AspNetCompiler.Updateable = "true"
		Release.AspNetCompiler.ForceOverwrite = "true"
		Release.AspNetCompiler.FixedNames = "false"
		Release.AspNetCompiler.Debug = "False"
		VWDPort = "62297"
		SlnRelativePath = "HttpChatClientW\"
		DefaultWebSiteLanguage = "Visual C#"
	EndProjectSection
EndProject
Project("{2150E333-8FDC-42A3-9474-1A3956D46DE8}") = "HttpChat", "HttpChat", "{061C271F-7EDC-4D12-ABDE-FFEEBA7CFC41}"
EndProject
Project("{2150E333-8FDC-42A3-9474-1A3956D46DE8}") = "WebSocketChat", "WebSocketChat", "{F67B0946-AE75-41FF-B16E-25698913794A}"
EndProject
Project("{2150E333-8FDC-42A3-9474-1A3956D46DE8}") = "TcpIpChat", "TcpIpChat", "{A24F6FD0-3B3C-4EA4-AA87-29459B3273C1}"
EndProject
Project("{FAE04EC0-301F-11D3-BF4B-00C04F79EFBC}") = "AndroidClient.Android", "AndroidClient\AndroidClient.Android\AndroidClient.Android.csproj", "{216C6A67-B17D-4680-8C14-F588D51644C3}"
EndProject
Project("{FAE04EC0-301F-11D3-BF4B-00C04F79EFBC}") = "MultiChatServer", "MultiChatServer\MultiChatServer.csproj", "{CB994A38-D722-4E01-A765-C90A94FB616C}"
EndProject
Project("{FAE04EC0-301F-11D3-BF4B-00C04F79EFBC}") = "MultiClientChat", "ClientChat\MultiClientChat.csproj", "{F21E9E35-DC6C-4CD1-81E9-301FC0FC9B68}"
EndProject
Project("{FAE04EC0-301F-11D3-BF4B-00C04F79EFBC}") = "HttpChatClientA.Android", "HttpChatClientA\HttpChatClientA.Android\HttpChatClientA.Android.csproj", "{1AB13053-90B5-4B32-B269-6E97703658B6}"
EndProject
Project("{FAE04EC0-301F-11D3-BF4B-00C04F79EFBC}") = "WebSocketChatClientA.Android", "WebSocketChatClientA\WebSocketChatClientA.Android\WebSocketChatClientA.Android.csproj", "{FBFD9992-F3F9-4897-B146-9C44AE4094E7}"
EndProject
Project("{FAE04EC0-301F-11D3-BF4B-00C04F79EFBC}") = "WebSocketServerEvents", "WebSocketServerEvents\WebSocketServerEvents.csproj", "{29936141-BB7C-4AE2-9CD7-8F3AD570CA94}"
EndProject
Global
	GlobalSection(SolutionConfigurationPlatforms) = preSolution
		Debug|Any CPU = Debug|Any CPU
		Debug|iPhone = Debug|iPhone
		Debug|iPhoneSimulator = Debug|iPhoneSimulator
		Release|Any CPU = Release|Any CPU
		Release|iPhone = Release|iPhone
		Release|iPhoneSimulator = Release|iPhoneSimulator
	EndGlobalSection
	GlobalSection(ProjectConfigurationPlatforms) = postSolution
		{58BA789C-EBE5-490C-AAB5-AD53DB2C2751}.Debug|Any CPU.ActiveCfg = Debug|Any CPU
		{58BA789C-EBE5-490C-AAB5-AD53DB2C2751}.Debug|Any CPU.Build.0 = Debug|Any CPU
		{58BA789C-EBE5-490C-AAB5-AD53DB2C2751}.Debug|iPhone.ActiveCfg = Debug|Any CPU
		{58BA789C-EBE5-490C-AAB5-AD53DB2C2751}.Debug|iPhone.Build.0 = Debug|Any CPU
		{58BA789C-EBE5-490C-AAB5-AD53DB2C2751}.Debug|iPhoneSimulator.ActiveCfg = Debug|Any CPU
		{58BA789C-EBE5-490C-AAB5-AD53DB2C2751}.Debug|iPhoneSimulator.Build.0 = Debug|Any CPU
		{58BA789C-EBE5-490C-AAB5-AD53DB2C2751}.Release|Any CPU.ActiveCfg = Release|Any CPU
		{58BA789C-EBE5-490C-AAB5-AD53DB2C2751}.Release|Any CPU.Build.0 = Release|Any CPU
		{58BA789C-EBE5-490C-AAB5-AD53DB2C2751}.Release|iPhone.ActiveCfg = Release|Any CPU
		{58BA789C-EBE5-490C-AAB5-AD53DB2C2751}.Release|iPhone.Build.0 = Release|Any CPU
		{58BA789C-EBE5-490C-AAB5-AD53DB2C2751}.Release|iPhoneSimulator.ActiveCfg = Release|Any CPU
		{58BA789C-EBE5-490C-AAB5-AD53DB2C2751}.Release|iPhoneSimulator.Build.0 = Release|Any CPU
		{88F43902-4B16-49FB-B010-83CDF29CF51D}.Debug|Any CPU.ActiveCfg = Debug|Any CPU
		{88F43902-4B16-49FB-B010-83CDF29CF51D}.Debug|Any CPU.Build.0 = Debug|Any CPU
		{88F43902-4B16-49FB-B010-83CDF29CF51D}.Debug|iPhone.ActiveCfg = Debug|Any CPU
		{88F43902-4B16-49FB-B010-83CDF29CF51D}.Debug|iPhone.Build.0 = Debug|Any CPU
		{88F43902-4B16-49FB-B010-83CDF29CF51D}.Debug|iPhoneSimulator.ActiveCfg = Debug|Any CPU
		{88F43902-4B16-49FB-B010-83CDF29CF51D}.Debug|iPhoneSimulator.Build.0 = Debug|Any CPU
		{88F43902-4B16-49FB-B010-83CDF29CF51D}.Release|Any CPU.ActiveCfg = Release|Any CPU
		{88F43902-4B16-49FB-B010-83CDF29CF51D}.Release|Any CPU.Build.0 = Release|Any CPU
		{88F43902-4B16-49FB-B010-83CDF29CF51D}.Release|iPhone.ActiveCfg = Release|Any CPU
		{88F43902-4B16-49FB-B010-83CDF29CF51D}.Release|iPhone.Build.0 = Release|Any CPU
		{88F43902-4B16-49FB-B010-83CDF29CF51D}.Release|iPhoneSimulator.ActiveCfg = Release|Any CPU
		{88F43902-4B16-49FB-B010-83CDF29CF51D}.Release|iPhoneSimulator.Build.0 = Release|Any CPU
		{33ACC7A7-6D5B-4E80-A0F9-E41AC52BC75B}.Debug|Any CPU.ActiveCfg = Debug|Any CPU
		{33ACC7A7-6D5B-4E80-A0F9-E41AC52BC75B}.Debug|Any CPU.Build.0 = Debug|Any CPU
		{33ACC7A7-6D5B-4E80-A0F9-E41AC52BC75B}.Debug|iPhone.ActiveCfg = Debug|Any CPU
		{33ACC7A7-6D5B-4E80-A0F9-E41AC52BC75B}.Debug|iPhone.Build.0 = Debug|Any CPU
		{33ACC7A7-6D5B-4E80-A0F9-E41AC52BC75B}.Debug|iPhoneSimulator.ActiveCfg = Debug|Any CPU
		{33ACC7A7-6D5B-4E80-A0F9-E41AC52BC75B}.Debug|iPhoneSimulator.Build.0 = Debug|Any CPU
		{33ACC7A7-6D5B-4E80-A0F9-E41AC52BC75B}.Release|Any CPU.ActiveCfg = Release|Any CPU
		{33ACC7A7-6D5B-4E80-A0F9-E41AC52BC75B}.Release|Any CPU.Build.0 = Release|Any CPU
		{33ACC7A7-6D5B-4E80-A0F9-E41AC52BC75B}.Release|iPhone.ActiveCfg = Release|Any CPU
		{33ACC7A7-6D5B-4E80-A0F9-E41AC52BC75B}.Release|iPhone.Build.0 = Release|Any CPU
		{33ACC7A7-6D5B-4E80-A0F9-E41AC52BC75B}.Release|iPhoneSimulator.ActiveCfg = Release|Any CPU
		{33ACC7A7-6D5B-4E80-A0F9-E41AC52BC75B}.Release|iPhoneSimulator.Build.0 = Release|Any CPU
		{88896713-9DBB-4539-AE78-4CD0611377BD}.Debug|Any CPU.ActiveCfg = Debug|Any CPU
		{88896713-9DBB-4539-AE78-4CD0611377BD}.Debug|Any CPU.Build.0 = Debug|Any CPU
		{88896713-9DBB-4539-AE78-4CD0611377BD}.Debug|iPhone.ActiveCfg = Debug|Any CPU
		{88896713-9DBB-4539-AE78-4CD0611377BD}.Debug|iPhone.Build.0 = Debug|Any CPU
		{88896713-9DBB-4539-AE78-4CD0611377BD}.Debug|iPhoneSimulator.ActiveCfg = Debug|Any CPU
		{88896713-9DBB-4539-AE78-4CD0611377BD}.Debug|iPhoneSimulator.Build.0 = Debug|Any CPU
		{88896713-9DBB-4539-AE78-4CD0611377BD}.Release|Any CPU.ActiveCfg = Release|Any CPU
		{88896713-9DBB-4539-AE78-4CD0611377BD}.Release|Any CPU.Build.0 = Release|Any CPU
		{88896713-9DBB-4539-AE78-4CD0611377BD}.Release|iPhone.ActiveCfg = Release|Any CPU
		{88896713-9DBB-4539-AE78-4CD0611377BD}.Release|iPhone.Build.0 = Release|Any CPU
		{88896713-9DBB-4539-AE78-4CD0611377BD}.Release|iPhoneSimulator.ActiveCfg = Release|Any CPU
		{88896713-9DBB-4539-AE78-4CD0611377BD}.Release|iPhoneSimulator.Build.0 = Release|Any CPU
		{4390D7EB-E3DD-4EF6-AAC7-C72DC0A76131}.Debug|Any CPU.ActiveCfg = Debug|Any CPU
		{4390D7EB-E3DD-4EF6-AAC7-C72DC0A76131}.Debug|Any CPU.Build.0 = Debug|Any CPU
		{4390D7EB-E3DD-4EF6-AAC7-C72DC0A76131}.Debug|iPhone.ActiveCfg = Debug|Any CPU
		{4390D7EB-E3DD-4EF6-AAC7-C72DC0A76131}.Debug|iPhone.Build.0 = Debug|Any CPU
		{4390D7EB-E3DD-4EF6-AAC7-C72DC0A76131}.Debug|iPhoneSimulator.ActiveCfg = Debug|Any CPU
		{4390D7EB-E3DD-4EF6-AAC7-C72DC0A76131}.Debug|iPhoneSimulator.Build.0 = Debug|Any CPU
		{4390D7EB-E3DD-4EF6-AAC7-C72DC0A76131}.Release|Any CPU.ActiveCfg = Debug|Any CPU
		{4390D7EB-E3DD-4EF6-AAC7-C72DC0A76131}.Release|Any CPU.Build.0 = Debug|Any CPU
		{4390D7EB-E3DD-4EF6-AAC7-C72DC0A76131}.Release|iPhone.ActiveCfg = Debug|Any CPU
		{4390D7EB-E3DD-4EF6-AAC7-C72DC0A76131}.Release|iPhone.Build.0 = Debug|Any CPU
		{4390D7EB-E3DD-4EF6-AAC7-C72DC0A76131}.Release|iPhoneSimulator.ActiveCfg = Debug|Any CPU
		{4390D7EB-E3DD-4EF6-AAC7-C72DC0A76131}.Release|iPhoneSimulator.Build.0 = Debug|Any CPU
		{3EA5DBE3-79DD-4DB0-A772-30C6E9343C0D}.Debug|Any CPU.ActiveCfg = Debug|Any CPU
		{3EA5DBE3-79DD-4DB0-A772-30C6E9343C0D}.Debug|Any CPU.Build.0 = Debug|Any CPU
		{3EA5DBE3-79DD-4DB0-A772-30C6E9343C0D}.Debug|iPhone.ActiveCfg = Debug|Any CPU
		{3EA5DBE3-79DD-4DB0-A772-30C6E9343C0D}.Debug|iPhone.Build.0 = Debug|Any CPU
		{3EA5DBE3-79DD-4DB0-A772-30C6E9343C0D}.Debug|iPhoneSimulator.ActiveCfg = Debug|Any CPU
		{3EA5DBE3-79DD-4DB0-A772-30C6E9343C0D}.Debug|iPhoneSimulator.Build.0 = Debug|Any CPU
		{3EA5DBE3-79DD-4DB0-A772-30C6E9343C0D}.Release|Any CPU.ActiveCfg = Debug|Any CPU
		{3EA5DBE3-79DD-4DB0-A772-30C6E9343C0D}.Release|Any CPU.Build.0 = Debug|Any CPU
		{3EA5DBE3-79DD-4DB0-A772-30C6E9343C0D}.Release|iPhone.ActiveCfg = Debug|Any CPU
		{3EA5DBE3-79DD-4DB0-A772-30C6E9343C0D}.Release|iPhone.Build.0 = Debug|Any CPU
		{3EA5DBE3-79DD-4DB0-A772-30C6E9343C0D}.Release|iPhoneSimulator.ActiveCfg = Debug|Any CPU
		{3EA5DBE3-79DD-4DB0-A772-30C6E9343C0D}.Release|iPhoneSimulator.Build.0 = Debug|Any CPU
		{216C6A67-B17D-4680-8C14-F588D51644C3}.Debug|Any CPU.ActiveCfg = Debug|Any CPU
		{216C6A67-B17D-4680-8C14-F588D51644C3}.Debug|Any CPU.Build.0 = Debug|Any CPU
		{216C6A67-B17D-4680-8C14-F588D51644C3}.Debug|Any CPU.Deploy.0 = Debug|Any CPU
		{216C6A67-B17D-4680-8C14-F588D51644C3}.Debug|iPhone.ActiveCfg = Debug|Any CPU
		{216C6A67-B17D-4680-8C14-F588D51644C3}.Debug|iPhone.Build.0 = Debug|Any CPU
		{216C6A67-B17D-4680-8C14-F588D51644C3}.Debug|iPhone.Deploy.0 = Debug|Any CPU
		{216C6A67-B17D-4680-8C14-F588D51644C3}.Debug|iPhoneSimulator.ActiveCfg = Debug|Any CPU
		{216C6A67-B17D-4680-8C14-F588D51644C3}.Debug|iPhoneSimulator.Build.0 = Debug|Any CPU
		{216C6A67-B17D-4680-8C14-F588D51644C3}.Debug|iPhoneSimulator.Deploy.0 = Debug|Any CPU
		{216C6A67-B17D-4680-8C14-F588D51644C3}.Release|Any CPU.ActiveCfg = Release|Any CPU
		{216C6A67-B17D-4680-8C14-F588D51644C3}.Release|Any CPU.Build.0 = Release|Any CPU
		{216C6A67-B17D-4680-8C14-F588D51644C3}.Release|Any CPU.Deploy.0 = Release|Any CPU
		{216C6A67-B17D-4680-8C14-F588D51644C3}.Release|iPhone.ActiveCfg = Release|Any CPU
		{216C6A67-B17D-4680-8C14-F588D51644C3}.Release|iPhone.Build.0 = Release|Any CPU
		{216C6A67-B17D-4680-8C14-F588D51644C3}.Release|iPhone.Deploy.0 = Release|Any CPU
		{216C6A67-B17D-4680-8C14-F588D51644C3}.Release|iPhoneSimulator.ActiveCfg = Release|Any CPU
		{216C6A67-B17D-4680-8C14-F588D51644C3}.Release|iPhoneSimulator.Build.0 = Release|Any CPU
		{216C6A67-B17D-4680-8C14-F588D51644C3}.Release|iPhoneSimulator.Deploy.0 = Release|Any CPU
		{CB994A38-D722-4E01-A765-C90A94FB616C}.Debug|Any CPU.ActiveCfg = Debug|Any CPU
		{CB994A38-D722-4E01-A765-C90A94FB616C}.Debug|Any CPU.Build.0 = Debug|Any CPU
		{CB994A38-D722-4E01-A765-C90A94FB616C}.Debug|iPhone.ActiveCfg = Debug|Any CPU
		{CB994A38-D722-4E01-A765-C90A94FB616C}.Debug|iPhone.Build.0 = Debug|Any CPU
		{CB994A38-D722-4E01-A765-C90A94FB616C}.Debug|iPhoneSimulator.ActiveCfg = Debug|Any CPU
		{CB994A38-D722-4E01-A765-C90A94FB616C}.Debug|iPhoneSimulator.Build.0 = Debug|Any CPU
		{CB994A38-D722-4E01-A765-C90A94FB616C}.Release|Any CPU.ActiveCfg = Release|Any CPU
		{CB994A38-D722-4E01-A765-C90A94FB616C}.Release|Any CPU.Build.0 = Release|Any CPU
		{CB994A38-D722-4E01-A765-C90A94FB616C}.Release|iPhone.ActiveCfg = Release|Any CPU
		{CB994A38-D722-4E01-A765-C90A94FB616C}.Release|iPhone.Build.0 = Release|Any CPU
		{CB994A38-D722-4E01-A765-C90A94FB616C}.Release|iPhoneSimulator.ActiveCfg = Release|Any CPU
		{CB994A38-D722-4E01-A765-C90A94FB616C}.Release|iPhoneSimulator.Build.0 = Release|Any CPU
		{F21E9E35-DC6C-4CD1-81E9-301FC0FC9B68}.Debug|Any CPU.ActiveCfg = Debug|Any CPU
		{F21E9E35-DC6C-4CD1-81E9-301FC0FC9B68}.Debug|Any CPU.Build.0 = Debug|Any CPU
		{F21E9E35-DC6C-4CD1-81E9-301FC0FC9B68}.Debug|iPhone.ActiveCfg = Debug|Any CPU
		{F21E9E35-DC6C-4CD1-81E9-301FC0FC9B68}.Debug|iPhone.Build.0 = Debug|Any CPU
		{F21E9E35-DC6C-4CD1-81E9-301FC0FC9B68}.Debug|iPhoneSimulator.ActiveCfg = Debug|Any CPU
		{F21E9E35-DC6C-4CD1-81E9-301FC0FC9B68}.Debug|iPhoneSimulator.Build.0 = Debug|Any CPU
		{F21E9E35-DC6C-4CD1-81E9-301FC0FC9B68}.Release|Any CPU.ActiveCfg = Release|Any CPU
		{F21E9E35-DC6C-4CD1-81E9-301FC0FC9B68}.Release|Any CPU.Build.0 = Release|Any CPU
		{F21E9E35-DC6C-4CD1-81E9-301FC0FC9B68}.Release|iPhone.ActiveCfg = Release|Any CPU
		{F21E9E35-DC6C-4CD1-81E9-301FC0FC9B68}.Release|iPhone.Build.0 = Release|Any CPU
		{F21E9E35-DC6C-4CD1-81E9-301FC0FC9B68}.Release|iPhoneSimulator.ActiveCfg = Release|Any CPU
		{F21E9E35-DC6C-4CD1-81E9-301FC0FC9B68}.Release|iPhoneSimulator.Build.0 = Release|Any CPU
		{1AB13053-90B5-4B32-B269-6E97703658B6}.Debug|Any CPU.ActiveCfg = Debug|Any CPU
		{1AB13053-90B5-4B32-B269-6E97703658B6}.Debug|Any CPU.Build.0 = Debug|Any CPU
		{1AB13053-90B5-4B32-B269-6E97703658B6}.Debug|Any CPU.Deploy.0 = Debug|Any CPU
		{1AB13053-90B5-4B32-B269-6E97703658B6}.Debug|iPhone.ActiveCfg = Debug|Any CPU
		{1AB13053-90B5-4B32-B269-6E97703658B6}.Debug|iPhone.Build.0 = Debug|Any CPU
		{1AB13053-90B5-4B32-B269-6E97703658B6}.Debug|iPhone.Deploy.0 = Debug|Any CPU
		{1AB13053-90B5-4B32-B269-6E97703658B6}.Debug|iPhoneSimulator.ActiveCfg = Debug|Any CPU
		{1AB13053-90B5-4B32-B269-6E97703658B6}.Debug|iPhoneSimulator.Build.0 = Debug|Any CPU
		{1AB13053-90B5-4B32-B269-6E97703658B6}.Debug|iPhoneSimulator.Deploy.0 = Debug|Any CPU
		{1AB13053-90B5-4B32-B269-6E97703658B6}.Release|Any CPU.ActiveCfg = Release|Any CPU
		{1AB13053-90B5-4B32-B269-6E97703658B6}.Release|Any CPU.Build.0 = Release|Any CPU
		{1AB13053-90B5-4B32-B269-6E97703658B6}.Release|Any CPU.Deploy.0 = Release|Any CPU
		{1AB13053-90B5-4B32-B269-6E97703658B6}.Release|iPhone.ActiveCfg = Release|Any CPU
		{1AB13053-90B5-4B32-B269-6E97703658B6}.Release|iPhone.Build.0 = Release|Any CPU
		{1AB13053-90B5-4B32-B269-6E97703658B6}.Release|iPhone.Deploy.0 = Release|Any CPU
		{1AB13053-90B5-4B32-B269-6E97703658B6}.Release|iPhoneSimulator.ActiveCfg = Release|Any CPU
		{1AB13053-90B5-4B32-B269-6E97703658B6}.Release|iPhoneSimulator.Build.0 = Release|Any CPU
		{1AB13053-90B5-4B32-B269-6E97703658B6}.Release|iPhoneSimulator.Deploy.0 = Release|Any CPU
		{FBFD9992-F3F9-4897-B146-9C44AE4094E7}.Debug|Any CPU.ActiveCfg = Debug|Any CPU
		{FBFD9992-F3F9-4897-B146-9C44AE4094E7}.Debug|Any CPU.Build.0 = Debug|Any CPU
		{FBFD9992-F3F9-4897-B146-9C44AE4094E7}.Debug|Any CPU.Deploy.0 = Debug|Any CPU
		{FBFD9992-F3F9-4897-B146-9C44AE4094E7}.Debug|iPhone.ActiveCfg = Debug|Any CPU
		{FBFD9992-F3F9-4897-B146-9C44AE4094E7}.Debug|iPhone.Build.0 = Debug|Any CPU
		{FBFD9992-F3F9-4897-B146-9C44AE4094E7}.Debug|iPhone.Deploy.0 = Debug|Any CPU
		{FBFD9992-F3F9-4897-B146-9C44AE4094E7}.Debug|iPhoneSimulator.ActiveCfg = Debug|Any CPU
		{FBFD9992-F3F9-4897-B146-9C44AE4094E7}.Debug|iPhoneSimulator.Build.0 = Debug|Any CPU
		{FBFD9992-F3F9-4897-B146-9C44AE4094E7}.Debug|iPhoneSimulator.Deploy.0 = Debug|Any CPU
		{FBFD9992-F3F9-4897-B146-9C44AE4094E7}.Release|Any CPU.ActiveCfg = Release|Any CPU
		{FBFD9992-F3F9-4897-B146-9C44AE4094E7}.Release|Any CPU.Build.0 = Release|Any CPU
		{FBFD9992-F3F9-4897-B146-9C44AE4094E7}.Release|Any CPU.Deploy.0 = Release|Any CPU
		{FBFD9992-F3F9-4897-B146-9C44AE4094E7}.Release|iPhone.ActiveCfg = Release|Any CPU
		{FBFD9992-F3F9-4897-B146-9C44AE4094E7}.Release|iPhone.Build.0 = Release|Any CPU
		{FBFD9992-F3F9-4897-B146-9C44AE4094E7}.Release|iPhone.Deploy.0 = Release|Any CPU
		{FBFD9992-F3F9-4897-B146-9C44AE4094E7}.Release|iPhoneSimulator.ActiveCfg = Release|Any CPU
		{FBFD9992-F3F9-4897-B146-9C44AE4094E7}.Release|iPhoneSimulator.Build.0 = Release|Any CPU
		{FBFD9992-F3F9-4897-B146-9C44AE4094E7}.Release|iPhoneSimulator.Deploy.0 = Release|Any CPU
		{29936141-BB7C-4AE2-9CD7-8F3AD570CA94}.Debug|Any CPU.ActiveCfg = Debug|Any CPU
		{29936141-BB7C-4AE2-9CD7-8F3AD570CA94}.Debug|Any CPU.Build.0 = Debug|Any CPU
		{29936141-BB7C-4AE2-9CD7-8F3AD570CA94}.Debug|iPhone.ActiveCfg = Debug|Any CPU
		{29936141-BB7C-4AE2-9CD7-8F3AD570CA94}.Debug|iPhone.Build.0 = Debug|Any CPU
		{29936141-BB7C-4AE2-9CD7-8F3AD570CA94}.Debug|iPhoneSimulator.ActiveCfg = Debug|Any CPU
		{29936141-BB7C-4AE2-9CD7-8F3AD570CA94}.Debug|iPhoneSimulator.Build.0 = Debug|Any CPU
		{29936141-BB7C-4AE2-9CD7-8F3AD570CA94}.Release|Any CPU.ActiveCfg = Release|Any CPU
		{29936141-BB7C-4AE2-9CD7-8F3AD570CA94}.Release|Any CPU.Build.0 = Release|Any CPU
		{29936141-BB7C-4AE2-9CD7-8F3AD570CA94}.Release|iPhone.ActiveCfg = Release|Any CPU
		{29936141-BB7C-4AE2-9CD7-8F3AD570CA94}.Release|iPhone.Build.0 = Release|Any CPU
		{29936141-BB7C-4AE2-9CD7-8F3AD570CA94}.Release|iPhoneSimulator.ActiveCfg = Release|Any CPU
		{29936141-BB7C-4AE2-9CD7-8F3AD570CA94}.Release|iPhoneSimulator.Build.0 = Release|Any CPU
	EndGlobalSection
	GlobalSection(SolutionProperties) = preSolution
		HideSolutionNode = FALSE
	EndGlobalSection
	GlobalSection(NestedProjects) = preSolution
		{58BA789C-EBE5-490C-AAB5-AD53DB2C2751} = {061C271F-7EDC-4D12-ABDE-FFEEBA7CFC41}
		{88F43902-4B16-49FB-B010-83CDF29CF51D} = {061C271F-7EDC-4D12-ABDE-FFEEBA7CFC41}
		{33ACC7A7-6D5B-4E80-A0F9-E41AC52BC75B} = {F67B0946-AE75-41FF-B16E-25698913794A}
		{88896713-9DBB-4539-AE78-4CD0611377BD} = {F67B0946-AE75-41FF-B16E-25698913794A}
		{4390D7EB-E3DD-4EF6-AAC7-C72DC0A76131} = {F67B0946-AE75-41FF-B16E-25698913794A}
		{3EA5DBE3-79DD-4DB0-A772-30C6E9343C0D} = {061C271F-7EDC-4D12-ABDE-FFEEBA7CFC41}
		{216C6A67-B17D-4680-8C14-F588D51644C3} = {A24F6FD0-3B3C-4EA4-AA87-29459B3273C1}
		{CB994A38-D722-4E01-A765-C90A94FB616C} = {A24F6FD0-3B3C-4EA4-AA87-29459B3273C1}
		{F21E9E35-DC6C-4CD1-81E9-301FC0FC9B68} = {A24F6FD0-3B3C-4EA4-AA87-29459B3273C1}
		{1AB13053-90B5-4B32-B269-6E97703658B6} = {061C271F-7EDC-4D12-ABDE-FFEEBA7CFC41}
		{FBFD9992-F3F9-4897-B146-9C44AE4094E7} = {F67B0946-AE75-41FF-B16E-25698913794A}
		{29936141-BB7C-4AE2-9CD7-8F3AD570CA94} = {F67B0946-AE75-41FF-B16E-25698913794A}
	EndGlobalSection
	GlobalSection(ExtensibilityGlobals) = postSolution
		SolutionGuid = {8744DF27-8D05-44EF-A942-4248B986241B}
	EndGlobalSection
EndGlobal
